
Microsoft Visual Studio Solution File, Format Version 12.00
# Visual Studio Version 17
VisualStudioVersion = 17.14.36518.9 d17.14
MinimumVisualStudioVersion = 10.0.40219.1
Project("{FAE04EC0-301F-11D3-BF4B-00C04F79EFBC}") = "MiniMarketPekarnia", "MiniMarketPekarnia\MiniMarketPekarnia.csproj", "{05E4533D-33A9-43EE-B106-4C52B4326C0A}"
EndProject
Global
	GlobalSection(SolutionConfigurationPlatforms) = preSolution
		Debug|Any CPU = Debug|Any CPU
		Release|Any CPU = Release|Any CPU
	EndGlobalSection
	GlobalSection(ProjectConfigurationPlatforms) = postSolution
		{05E4533D-33A9-43EE-B106-4C52B4326C0A}.Debug|Any CPU.ActiveCfg = Debug|Any CPU
		{05E4533D-33A9-43EE-B106-4C52B4326C0A}.Debug|Any CPU.Build.0 = Debug|Any CPU
		{05E4533D-33A9-43EE-B106-4C52B4326C0A}.Release|Any CPU.ActiveCfg = Release|Any CPU
		{05E4533D-33A9-43EE-B106-4C52B4326C0A}.Release|Any CPU.Build.0 = Release|Any CPU
	EndGlobalSection
	GlobalSection(SolutionProperties) = preSolution
		HideSolutionNode = FALSE
	EndGlobalSection
	GlobalSection(ExtensibilityGlobals) = postSolution
		SolutionGuid = {F2E758DA-0F35-4E29-B6B4-83E2D9DC6809}
	EndGlobalSection
EndGlobal
